// !$*UTF8*$!
{
	archiveVersion = 1;
	classes = {
	};
	objectVersion = 46;
	objects = {

/* Begin PBXBuildFile section */
		7F6685F21EC19FA000424543 /* AppDelegate.swift in Sources */ = {isa = PBXBuildFile; fileRef = 7F6685F11EC19FA000424543 /* AppDelegate.swift */; };
		7F6685F41EC19FA000424543 /* ViewController.swift in Sources */ = {isa = PBXBuildFile; fileRef = 7F6685F31EC19FA000424543 /* ViewController.swift */; };
		7F6685F71EC19FA000424543 /* Main.storyboard in Resources */ = {isa = PBXBuildFile; fileRef = 7F6685F51EC19FA000424543 /* Main.storyboard */; };
		7F6685F91EC19FA000424543 /* Assets.xcassets in Resources */ = {isa = PBXBuildFile; fileRef = 7F6685F81EC19FA000424543 /* Assets.xcassets */; };
		7F6685FC1EC19FA000424543 /* LaunchScreen.storyboard in Resources */ = {isa = PBXBuildFile; fileRef = 7F6685FA1EC19FA000424543 /* LaunchScreen.storyboard */; };
		7F6686061EC1A02500424543 /* HsuAlbumMasterTableViewController.swift in Sources */ = {isa = PBXBuildFile; fileRef = 7F6686041EC1A02500424543 /* HsuAlbumMasterTableViewController.swift */; };
		7F6686071EC1A02500424543 /* HsuAssetGridViewController.swift in Sources */ = {isa = PBXBuildFile; fileRef = 7F6686051EC1A02500424543 /* HsuAssetGridViewController.swift */; };
		7F6686091EC1A02E00424543 /* HsuCameraViewController.swift in Sources */ = {isa = PBXBuildFile; fileRef = 7F6686081EC1A02E00424543 /* HsuCameraViewController.swift */; };
		7F66860B1EC1A51300424543 /* HsuPhotosManager.swift in Sources */ = {isa = PBXBuildFile; fileRef = 7F66860A1EC1A51300424543 /* HsuPhotosManager.swift */; };
/* End PBXBuildFile section */

/* Begin PBXFileReference section */
		7F6685EE1EC19FA000424543 /* HelloPhotos.app */ = {isa = PBXFileReference; explicitFileType = wrapper.application; includeInIndex = 0; path = HelloPhotos.app; sourceTree = BUILT_PRODUCTS_DIR; };
		7F6685F11EC19FA000424543 /* AppDelegate.swift */ = {isa = PBXFileReference; lastKnownFileType = sourcecode.swift; path = AppDelegate.swift; sourceTree = "<group>"; };
		7F6685F31EC19FA000424543 /* ViewController.swift */ = {isa = PBXFileReference; lastKnownFileType = sourcecode.swift; path = ViewController.swift; sourceTree = "<group>"; };
		7F6685F61EC19FA000424543 /* Base */ = {isa = PBXFileReference; lastKnownFileType = file.storyboard; name = Base; path = Base.lproj/Main.storyboard; sourceTree = "<group>"; };
		7F6685F81EC19FA000424543 /* Assets.xcassets */ = {isa = PBXFileReference; lastKnownFileType = folder.assetcatalog; path = Assets.xcassets; sourceTree = "<group>"; };
		7F6685FB1EC19FA000424543 /* Base */ = {isa = PBXFileReference; lastKnownFileType = file.storyboard; name = Base; path = Base.lproj/LaunchScreen.storyboard; sourceTree = "<group>"; };
		7F6685FD1EC19FA100424543 /* Info.plist */ = {isa = PBXFileReference; lastKnownFileType = text.plist.xml; path = Info.plist; sourceTree = "<group>"; };
		7F6686041EC1A02500424543 /* HsuAlbumMasterTableViewController.swift */ = {isa = PBXFileReference; fileEncoding = 4; lastKnownFileType = sourcecode.swift; path = HsuAlbumMasterTableViewController.swift; sourceTree = "<group>"; };
		7F6686051EC1A02500424543 /* HsuAssetGridViewController.swift */ = {isa = PBXFileReference; fileEncoding = 4; lastKnownFileType = sourcecode.swift; path = HsuAssetGridViewController.swift; sourceTree = "<group>"; };
		7F6686081EC1A02E00424543 /* HsuCameraViewController.swift */ = {isa = PBXFileReference; fileEncoding = 4; lastKnownFileType = sourcecode.swift; path = HsuCameraViewController.swift; sourceTree = "<group>"; };
		7F66860A1EC1A51300424543 /* HsuPhotosManager.swift */ = {isa = PBXFileReference; fileEncoding = 4; lastKnownFileType = sourcecode.swift; path = HsuPhotosManager.swift; sourceTree = "<group>"; };
/* End PBXFileReference section */

/* Begin PBXFrameworksBuildPhase section */
		7F6685EB1EC19FA000424543 /* Frameworks */ = {
			isa = PBXFrameworksBuildPhase;
			buildActionMask = 2147483647;
			files = (
			);
			runOnlyForDeploymentPostprocessing = 0;
		};
/* End PBXFrameworksBuildPhase section */

/* Begin PBXGroup section */
		7F6685E51EC19FA000424543 = {
			isa = PBXGroup;
			children = (
				7F6685F01EC19FA000424543 /* HelloPhotos */,
				7F6685EF1EC19FA000424543 /* Products */,
			);
			sourceTree = "<group>";
		};
		7F6685EF1EC19FA000424543 /* Products */ = {
			isa = PBXGroup;
			children = (
				7F6685EE1EC19FA000424543 /* HelloPhotos.app */,
			);
			name = Products;
			sourceTree = "<group>";
		};
		7F6685F01EC19FA000424543 /* HelloPhotos */ = {
			isa = PBXGroup;
			children = (
				7F6685F11EC19FA000424543 /* AppDelegate.swift */,
				7F6685F31EC19FA000424543 /* ViewController.swift */,
				7F6686031EC19FD600424543 /* TakePhotos */,
				7F6685F51EC19FA000424543 /* Main.storyboard */,
				7F6685F81EC19FA000424543 /* Assets.xcassets */,
				7F6685FA1EC19FA000424543 /* LaunchScreen.storyboard */,
				7F6685FD1EC19FA100424543 /* Info.plist */,
			);
			path = HelloPhotos;
			sourceTree = "<group>";
		};
		7F6686031EC19FD600424543 /* TakePhotos */ = {
			isa = PBXGroup;
			children = (
				7F66860A1EC1A51300424543 /* HsuPhotosManager.swift */,
				7F6686081EC1A02E00424543 /* HsuCameraViewController.swift */,
				7F6686041EC1A02500424543 /* HsuAlbumMasterTableViewController.swift */,
				7F6686051EC1A02500424543 /* HsuAssetGridViewController.swift */,
			);
			path = TakePhotos;
			sourceTree = "<group>";
		};
/* End PBXGroup section */

/* Begin PBXNativeTarget section */
		7F6685ED1EC19FA000424543 /* HelloPhotos */ = {
			isa = PBXNativeTarget;
			buildConfigurationList = 7F6686001EC19FA100424543 /* Build configuration list for PBXNativeTarget "HelloPhotos" */;
			buildPhases = (
				7F6685EA1EC19FA000424543 /* Sources */,
				7F6685EB1EC19FA000424543 /* Frameworks */,
				7F6685EC1EC19FA000424543 /* Resources */,
			);
			buildRules = (
			);
			dependencies = (
			);
			name = HelloPhotos;
			productName = HelloPhotos;
			productReference = 7F6685EE1EC19FA000424543 /* HelloPhotos.app */;
			productType = "com.apple.product-type.application";
		};
/* End PBXNativeTarget section */

/* Begin PBXProject section */
		7F6685E61EC19FA000424543 /* Project object */ = {
			isa = PBXProject;
			attributes = {
				LastSwiftUpdateCheck = 0830;
				LastUpgradeCheck = 0830;
				ORGANIZATIONNAME = iwhere;
				TargetAttributes = {
					7F6685ED1EC19FA000424543 = {
						CreatedOnToolsVersion = 8.3.2;
						DevelopmentTeam = BQPT3YS23K;
						ProvisioningStyle = Automatic;
					};
				};
			};
			buildConfigurationList = 7F6685E91EC19FA000424543 /* Build configuration list for PBXProject "HelloPhotos" */;
			compatibilityVersion = "Xcode 3.2";
			developmentRegion = English;
			hasScannedForEncodings = 0;
			knownRegions = (
				en,
				Base,
			);
			mainGroup = 7F6685E51EC19FA000424543;
			productRefGroup = 7F6685EF1EC19FA000424543 /* Products */;
			projectDirPath = "";
			projectRoot = "";
			targets = (
				7F6685ED1EC19FA000424543 /* HelloPhotos */,
			);
		};
/* End PBXProject section */

/* Begin PBXResourcesBuildPhase section */
		7F6685EC1EC19FA000424543 /* Resources */ = {
			isa = PBXResourcesBuildPhase;
			buildActionMask = 2147483647;
			files = (
				7F6685FC1EC19FA000424543 /* LaunchScreen.storyboard in Resources */,
				7F6685F91EC19FA000424543 /* Assets.xcassets in Resources */,
				7F6685F71EC19FA000424543 /* Main.storyboard in Resources */,
			);
			runOnlyForDeploymentPostprocessing = 0;
		};
/* End PBXResourcesBuildPhase section */

/* Begin PBXSourcesBuildPhase section */
		7F6685EA1EC19FA000424543 /* Sources */ = {
			isa = PBXSourcesBuildPhase;
			buildActionMask = 2147483647;
			files = (
				7F6686071EC1A02500424543 /* HsuAssetGridViewController.swift in Sources */,
				7F6686091EC1A02E00424543 /* HsuCameraViewController.swift in Sources */,
				7F66860B1EC1A51300424543 /* HsuPhotosManager.swift in Sources */,
				7F6685F41EC19FA000424543 /* ViewController.swift in Sources */,
				7F6685F21EC19FA000424543 /* AppDelegate.swift in Sources */,
				7F6686061EC1A02500424543 /* HsuAlbumMasterTableViewController.swift in Sources */,
			);
			runOnlyForDeploymentPostprocessing = 0;
		};
/* End PBXSourcesBuildPhase section */

/* Begin PBXVariantGroup section */
		7F6685F51EC19FA000424543 /* Main.storyboard */ = {
			isa = PBXVariantGroup;
			children = (
				7F6685F61EC19FA000424543 /* Base */,
			);
			name = Main.storyboard;
			sourceTree = "<group>";
		};
		7F6685FA1EC19FA000424543 /* LaunchScreen.storyboard */ = {
			isa = PBXVariantGroup;
			children = (
				7F6685FB1EC19FA000424543 /* Base */,
			);
			name = LaunchScreen.storyboard;
			sourceTree = "<group>";
		};
/* End PBXVariantGroup section */

/* Begin XCBuildConfiguration section */
		7F6685FE1EC19FA100424543 /* Debug */ = {
			isa = XCBuildConfiguration;
			buildSettings = {
				ALWAYS_SEARCH_USER_PATHS = NO;
				CLANG_ANALYZER_NONNULL = YES;
				CLANG_ANALYZER_NUMBER_OBJECT_CONVERSION = YES_AGGRESSIVE;
				CLANG_CXX_LANGUAGE_STANDARD = "gnu++0x";
				CLANG_CXX_LIBRARY = "libc++";
				CLANG_ENABLE_MODULES = YES;
				CLANG_ENABLE_OBJC_ARC = YES;
				CLANG_WARN_BOOL_CONVERSION = YES;
				CLANG_WARN_CONSTANT_CONVERSION = YES;
				CLANG_WARN_DIRECT_OBJC_ISA_USAGE = YES_ERROR;
				CLANG_WARN_DOCUMENTATION_COMMENTS = YES;
				CLANG_WARN_EMPTY_BODY = YES;
				CLANG_WARN_ENUM_CONVERSION = YES;
				CLANG_WARN_INFINITE_RECURSION = YES;
				CLANG_WARN_INT_CONVERSION = YES;
				CLANG_WARN_OBJC_ROOT_CLASS = YES_ERROR;
				CLANG_WARN_SUSPICIOUS_MOVE = YES;
				CLANG_WARN_UNREACHABLE_CODE = YES;
				CLANG_WARN__DUPLICATE_METHOD_MATCH = YES;
				"CODE_SIGN_IDENTITY[sdk=iphoneos*]" = "iPhone Developer";
				COPY_PHASE_STRIP = NO;
				DEBUG_INFORMATION_FORMAT = dwarf;
				ENABLE_STRICT_OBJC_MSGSEND = YES;
				ENABLE_TESTABILITY = YES;
				GCC_C_LANGUAGE_STANDARD = gnu99;
				GCC_DYNAMIC_NO_PIC = NO;
				GCC_NO_COMMON_BLOCKS = YES;
				GCC_OPTIMIZATION_LEVEL = 0;
				GCC_PREPROCESSOR_DEFINITIONS = (
					"DEBUG=1",
					"$(inherited)",
				);
				GCC_WARN_64_TO_32_BIT_CONVERSION = YES;
				GCC_WARN_ABOUT_RETURN_TYPE = YES_ERROR;
				GCC_WARN_UNDECLARED_SELECTOR = YES;
				GCC_WARN_UNINITIALIZED_AUTOS = YES_AGGRESSIVE;
				GCC_WARN_UNUSED_FUNCTION = YES;
				GCC_WARN_UNUSED_VARIABLE = YES;
				IPHONEOS_DEPLOYMENT_TARGET = 10.3;
				MTL_ENABLE_DEBUG_INFO = YES;
				ONLY_ACTIVE_ARCH = YES;
				SDKROOT = iphoneos;
				SWIFT_ACTIVE_COMPILATION_CONDITIONS = DEBUG;
				SWIFT_OPTIMIZATION_LEVEL = "-Onone";
			};
			name = Debug;
		};
		7F6685FF1EC19FA100424543 /* Release */ = {
			isa = XCBuildConfiguration;
			buildSettings = {
				ALWAYS_SEARCH_USER_PATHS = NO;
				CLANG_ANALYZER_NONNULL = YES;
				CLANG_ANALYZER_NUMBER_OBJECT_CONVERSION = YES_AGGRESSIVE;
				CLANG_CXX_LANGUAGE_STANDARD = "gnu++0x";
				CLANG_CXX_LIBRARY = "libc++";
				CLANG_ENABLE_MODULES = YES;
				CLANG_ENABLE_OBJC_ARC = YES;
				CLANG_WARN_BOOL_CONVERSION = YES;
				CLANG_WARN_CONSTANT_CONVERSION = YES;
				CLANG_WARN_DIRECT_OBJC_ISA_USAGE = YES_ERROR;
				CLANG_WARN_DOCUMENTATION_COMMENTS = YES;
				CLANG_WARN_EMPTY_BODY = YES;
				CLANG_WARN_ENUM_CONVERSION = YES;
				CLANG_WARN_INFINITE_RECURSION = YES;
				CLANG_WARN_INT_CONVERSION = YES;
				CLANG_WARN_OBJC_ROOT_CLASS = YES_ERROR;
				CLANG_WARN_SUSPICIOUS_MOVE = YES;
				CLANG_WARN_UNREACHABLE_CODE = YES;
				CLANG_WARN__DUPLICATE_METHOD_MATCH = YES;
				"CODE_SIGN_IDENTITY[sdk=iphoneos*]" = "iPhone Developer";
				COPY_PHASE_STRIP = NO;
				DEBUG_INFORMATION_FORMAT = "dwarf-with-dsym";
				ENABLE_NS_ASSERTIONS = NO;
				ENABLE_STRICT_OBJC_MSGSEND = YES;
				GCC_C_LANGUAGE_STANDARD = gnu99;
				GCC_NO_COMMON_BLOCKS = YES;
				GCC_WARN_64_TO_32_BIT_CONVERSION = YES;
				GCC_WARN_ABOUT_RETURN_TYPE = YES_ERROR;
				GCC_WARN_UNDECLARED_SELECTOR = YES;
				GCC_WARN_UNINITIALIZED_AUTOS = YES_AGGRESSIVE;
				GCC_WARN_UNUSED_FUNCTION = YES;
				GCC_WARN_UNUSED_VARIABLE = YES;
				IPHONEOS_DEPLOYMENT_TARGET = 10.3;
				MTL_ENABLE_DEBUG_INFO = NO;
				SDKROOT = iphoneos;
				SWIFT_OPTIMIZATION_LEVEL = "-Owholemodule";
				VALIDATE_PRODUCT = YES;
			};
			name = Release;
		};
		7F6686011EC19FA100424543 /* Debug */ = {
			isa = XCBuildConfiguration;
			buildSettings = {
				ASSETCATALOG_COMPILER_APPICON_NAME = AppIcon;
				DEVELOPMENT_TEAM = BQPT3YS23K;
				INFOPLIST_FILE = HelloPhotos/Info.plist;
				LD_RUNPATH_SEARCH_PATHS = "$(inherited) @executable_path/Frameworks";
				PRODUCT_BUNDLE_IDENTIFIER = com.iwhere.www.HelloPhotos;
				PRODUCT_NAME = "$(TARGET_NAME)";
				SWIFT_VERSION = 3.0;
			};
			name = Debug;
		};
		7F6686021EC19FA100424543 /* Release */ = {
			isa = XCBuildConfiguration;
			buildSettings = {
				ASSETCATALOG_COMPILER_APPICON_NAME = AppIcon;
				DEVELOPMENT_TEAM = BQPT3YS23K;
				INFOPLIST_FILE = HelloPhotos/Info.plist;
				LD_RUNPATH_SEARCH_PATHS = "$(inherited) @executable_path/Frameworks";
				PRODUCT_BUNDLE_IDENTIFIER = com.iwhere.www.HelloPhotos;
				PRODUCT_NAME = "$(TARGET_NAME)";
				SWIFT_VERSION = 3.0;
			};
			name = Release;
		};
/* End XCBuildConfiguration section */

/* Begin XCConfigurationList section */
		7F6685E91EC19FA000424543 /* Build configuration list for PBXProject "HelloPhotos" */ = {
			isa = XCConfigurationList;
			buildConfigurations = (
				7F6685FE1EC19FA100424543 /* Debug */,
				7F6685FF1EC19FA100424543 /* Release */,
			);
			defaultConfigurationIsVisible = 0;
			defaultConfigurationName = Release;
		};
		7F6686001EC19FA100424543 /* Build configuration list for PBXNativeTarget "HelloPhotos" */ = {
			isa = XCConfigurationList;
			buildConfigurations = (
				7F6686011EC19FA100424543 /* Debug */,
				7F6686021EC19FA100424543 /* Release */,
			);
			defaultConfigurationIsVisible = 0;
		};
/* End XCConfigurationList section */
	};
	rootObject = 7F6685E61EC19FA000424543 /* Project object */;
}
